
Microsoft Visual Studio Solution File, Format Version 11.00
# Visual Studio 2010
Project("{FAE04EC0-301F-11D3-BF4B-00C04F79EFBC}") = "supermarket_class", "supermarket_class\supermarket_class.csproj", "{0A934542-61DA-4344-89E5-44D62491C552}"
EndProject
Global
	GlobalSection(SolutionConfigurationPlatforms) = preSolution
		Debug|Any CPU = Debug|Any CPU
		Release|Any CPU = Release|Any CPU
	EndGlobalSection
	GlobalSection(ProjectConfigurationPlatforms) = postSolution
		{0A934542-61DA-4344-89E5-44D62491C552}.Debug|Any CPU.ActiveCfg = Debug|Any CPU
		{0A934542-61DA-4344-89E5-44D62491C552}.Debug|Any CPU.Build.0 = Debug|Any CPU
		{0A934542-61DA-4344-89E5-44D62491C552}.Release|Any CPU.ActiveCfg = Release|Any CPU
		{0A934542-61DA-4344-89E5-44D62491C552}.Release|Any CPU.Build.0 = Release|Any CPU
	EndGlobalSection
	GlobalSection(SolutionProperties) = preSolution
		HideSolutionNode = FALSE
	EndGlobalSection
EndGlobal
